
Microsoft Visual Studio Solution File, Format Version 12.00
# Visual Studio 15
VisualStudioVersion = 15.0.28307.168
MinimumVisualStudioVersion = 10.0.40219.1
Project("{8BC9CEB8-8B4A-11D0-8D11-00A0C91BC942}") = "ImgCreate", "ImgCreate.vcxproj", "{89F98CA4-5AB9-49BD-BC95-417388BBEB59}"
EndProject
Project("{8BC9CEB8-8B4A-11D0-8D11-00A0C91BC942}") = "BeefySysLib_static", "..\..\BeefySysLib\BeefySysLib_static.vcxproj", "{ECEAB68D-2F15-495F-A29C-5EA9548AA23D}"
EndProject
Global
	GlobalSection(SolutionConfigurationPlatforms) = preSolution
		Debug|x64 = Debug|x64
		Debug|x86 = Debug|x86
		Release|x64 = Release|x64
		Release|x86 = Release|x86
	EndGlobalSection
	GlobalSection(ProjectConfigurationPlatforms) = postSolution
		{89F98CA4-5AB9-49BD-BC95-417388BBEB59}.Debug|x64.ActiveCfg = Debug|x64
		{89F98CA4-5AB9-49BD-BC95-417388BBEB59}.Debug|x64.Build.0 = Debug|x64
		{89F98CA4-5AB9-49BD-BC95-417388BBEB59}.Debug|x86.ActiveCfg = Debug|Win32
		{89F98CA4-5AB9-49BD-BC95-417388BBEB59}.Debug|x86.Build.0 = Debug|Win32
		{89F98CA4-5AB9-49BD-BC95-417388BBEB59}.Release|x64.ActiveCfg = Release|x64
		{89F98CA4-5AB9-49BD-BC95-417388BBEB59}.Release|x64.Build.0 = Release|x64
		{89F98CA4-5AB9-49BD-BC95-417388BBEB59}.Release|x86.ActiveCfg = Release|Win32
		{89F98CA4-5AB9-49BD-BC95-417388BBEB59}.Release|x86.Build.0 = Release|Win32
		{ECEAB68D-2F15-495F-A29C-5EA9548AA23D}.Debug|x64.ActiveCfg = Debug|x64
		{ECEAB68D-2F15-495F-A29C-5EA9548AA23D}.Debug|x64.Build.0 = Debug|x64
		{ECEAB68D-2F15-495F-A29C-5EA9548AA23D}.Debug|x86.ActiveCfg = Debug|Win32
		{ECEAB68D-2F15-495F-A29C-5EA9548AA23D}.Debug|x86.Build.0 = Debug|Win32
		{ECEAB68D-2F15-495F-A29C-5EA9548AA23D}.Release|x64.ActiveCfg = Release|x64
		{ECEAB68D-2F15-495F-A29C-5EA9548AA23D}.Release|x64.Build.0 = Release|x64
		{ECEAB68D-2F15-495F-A29C-5EA9548AA23D}.Release|x86.ActiveCfg = Release|Win32
		{ECEAB68D-2F15-495F-A29C-5EA9548AA23D}.Release|x86.Build.0 = Release|Win32
	EndGlobalSection
	GlobalSection(SolutionProperties) = preSolution
		HideSolutionNode = FALSE
	EndGlobalSection
	GlobalSection(ExtensibilityGlobals) = postSolution
		SolutionGuid = {EB0764C5-FAAE-4A84-B63B-D0FFC7BA08CA}
	EndGlobalSection
EndGlobal
