
Microsoft Visual Studio Solution File, Format Version 12.00
# Visual Studio 15
VisualStudioVersion = 15.0.27205.2004
MinimumVisualStudioVersion = 10.0.40219.1
Project("{8BC9CEB8-8B4A-11D0-8D11-00A0C91BC942}") = "BeefySysLib", "BeefySysLib\BeefySysLib.vcxproj", "{E958BC7A-F2D8-4765-AFD6-85BBF54CD921}"
EndProject
Project("{2150E333-8FDC-42A3-9474-1A3956D46DE8}") = "Solution Items", "Solution Items", "{7340A6F8-D716-4DD6-93AC-F5056D850D06}"
EndProject
Project("{8BC9CEB8-8B4A-11D0-8D11-00A0C91BC942}") = "IDEHelper", "IDEHelper\IDEHelper.vcxproj", "{F8D29C38-D37C-4AF2-8540-2F6E543264F1}"
	ProjectSection(ProjectDependencies) = postProject
		{ECEAB68D-2F15-495F-A29C-5EA9548AA23D} = {ECEAB68D-2F15-495F-A29C-5EA9548AA23D}
		{53609BB3-D874-465C-AF7B-DF626DB0D89B} = {53609BB3-D874-465C-AF7B-DF626DB0D89B}
	EndProjectSection
EndProject
Project("{8BC9CEB8-8B4A-11D0-8D11-00A0C91BC942}") = "BeefySysLib_static", "BeefySysLib\BeefySysLib_static.vcxproj", "{ECEAB68D-2F15-495F-A29C-5EA9548AA23D}"
EndProject
Project("{8BC9CEB8-8B4A-11D0-8D11-00A0C91BC942}") = "BeefRT", "BeefRT\BeefRT.vcxproj", "{5BE0B958-C13B-4986-A588-97A8F707E42E}"
EndProject
Project("{8BC9CEB8-8B4A-11D0-8D11-00A0C91BC942}") = "libhunspell", "extern\hunspell\src\win_api\libhunspell.vcxproj", "{53609BB3-D874-465C-AF7B-DF626DB0D89B}"
EndProject
Project("{8BC9CEB8-8B4A-11D0-8D11-00A0C91BC942}") = "Debugger32", "Debugger32\Debugger32.vcxproj", "{29025CF2-07CC-4C25-A672-6324C95AA28E}"
EndProject
Project("{8BC9CEB8-8B4A-11D0-8D11-00A0C91BC942}") = "Debugger64", "Debugger64\Debugger64.vcxproj", "{29025CF2-07CC-4C25-A672-6324C95AA28F}"
EndProject
Project("{8BC9CEB8-8B4A-11D0-8D11-00A0C91BC942}") = "BeefLink", "BeefLink\BeefLink.vcxproj", "{78BE2825-EF6A-4C57-B22D-FF69EB925359}"
EndProject
Project("{8BC9CEB8-8B4A-11D0-8D11-00A0C91BC942}") = "BeefBoot", "BeefBoot\BeefBoot.vcxproj", "{755663F3-7C3F-4321-ABFF-CB036C0F2C9F}"
EndProject
Project("{8BC9CEB8-8B4A-11D0-8D11-00A0C91BC942}") = "BeefDbg", "BeefRT\BeefDbg\BeefDbg.vcxproj", "{8F529049-889A-4FC6-9F4C-FAAFC42C9519}"
EndProject
Global
	GlobalSection(SolutionConfigurationPlatforms) = preSolution
		Debug Static CStatic|x64 = Debug Static CStatic|x64
		Debug Static CStatic|x86 = Debug Static CStatic|x86
		Debug Static|x64 = Debug Static|x64
		Debug Static|x86 = Debug Static|x86
		Debug_dll|x64 = Debug_dll|x64
		Debug_dll|x86 = Debug_dll|x86
		Debug|x64 = Debug|x64
		Debug|x86 = Debug|x86
		Release Static CStatic|x64 = Release Static CStatic|x64
		Release Static CStatic|x86 = Release Static CStatic|x86
		Release Static|x64 = Release Static|x64
		Release Static|x86 = Release Static|x86
		Release_dll|x64 = Release_dll|x64
		Release_dll|x86 = Release_dll|x86
		Release_NoDbgInfo|x64 = Release_NoDbgInfo|x64
		Release_NoDbgInfo|x86 = Release_NoDbgInfo|x86
		Release|x64 = Release|x64
		Release|x86 = Release|x86
	EndGlobalSection
	GlobalSection(ProjectConfigurationPlatforms) = postSolution
		{E958BC7A-F2D8-4765-AFD6-85BBF54CD921}.Debug Static CStatic|x64.ActiveCfg = Debug Static|x64
		{E958BC7A-F2D8-4765-AFD6-85BBF54CD921}.Debug Static CStatic|x64.Build.0 = Debug Static|x64
		{E958BC7A-F2D8-4765-AFD6-85BBF54CD921}.Debug Static CStatic|x86.ActiveCfg = Debug Static|Win32
		{E958BC7A-F2D8-4765-AFD6-85BBF54CD921}.Debug Static CStatic|x86.Build.0 = Debug Static|Win32
		{E958BC7A-F2D8-4765-AFD6-85BBF54CD921}.Debug Static|x64.ActiveCfg = Debug Static|x64
		{E958BC7A-F2D8-4765-AFD6-85BBF54CD921}.Debug Static|x64.Build.0 = Debug Static|x64
		{E958BC7A-F2D8-4765-AFD6-85BBF54CD921}.Debug Static|x86.ActiveCfg = Debug Static|Win32
		{E958BC7A-F2D8-4765-AFD6-85BBF54CD921}.Debug Static|x86.Build.0 = Debug Static|Win32
		{E958BC7A-F2D8-4765-AFD6-85BBF54CD921}.Debug_dll|x64.ActiveCfg = Debug|x64
		{E958BC7A-F2D8-4765-AFD6-85BBF54CD921}.Debug_dll|x64.Build.0 = Debug|x64
		{E958BC7A-F2D8-4765-AFD6-85BBF54CD921}.Debug_dll|x86.ActiveCfg = Debug|Win32
		{E958BC7A-F2D8-4765-AFD6-85BBF54CD921}.Debug_dll|x86.Build.0 = Debug|Win32
		{E958BC7A-F2D8-4765-AFD6-85BBF54CD921}.Debug|x64.ActiveCfg = Debug|x64
		{E958BC7A-F2D8-4765-AFD6-85BBF54CD921}.Debug|x64.Build.0 = Debug|x64
		{E958BC7A-F2D8-4765-AFD6-85BBF54CD921}.Debug|x86.ActiveCfg = Debug|Win32
		{E958BC7A-F2D8-4765-AFD6-85BBF54CD921}.Debug|x86.Build.0 = Debug|Win32
		{E958BC7A-F2D8-4765-AFD6-85BBF54CD921}.Release Static CStatic|x64.ActiveCfg = Release Static|x64
		{E958BC7A-F2D8-4765-AFD6-85BBF54CD921}.Release Static CStatic|x86.ActiveCfg = Release Static|Win32
		{E958BC7A-F2D8-4765-AFD6-85BBF54CD921}.Release Static CStatic|x86.Build.0 = Release Static|Win32
		{E958BC7A-F2D8-4765-AFD6-85BBF54CD921}.Release Static|x64.ActiveCfg = Release Static|x64
		{E958BC7A-F2D8-4765-AFD6-85BBF54CD921}.Release Static|x64.Build.0 = Release Static|x64
		{E958BC7A-F2D8-4765-AFD6-85BBF54CD921}.Release Static|x86.ActiveCfg = Release Static|Win32
		{E958BC7A-F2D8-4765-AFD6-85BBF54CD921}.Release Static|x86.Build.0 = Release Static|Win32
		{E958BC7A-F2D8-4765-AFD6-85BBF54CD921}.Release_dll|x64.ActiveCfg = Release|x64
		{E958BC7A-F2D8-4765-AFD6-85BBF54CD921}.Release_dll|x64.Build.0 = Release|x64
		{E958BC7A-F2D8-4765-AFD6-85BBF54CD921}.Release_dll|x86.ActiveCfg = Release|Win32
		{E958BC7A-F2D8-4765-AFD6-85BBF54CD921}.Release_dll|x86.Build.0 = Release|Win32
		{E958BC7A-F2D8-4765-AFD6-85BBF54CD921}.Release_NoDbgInfo|x64.ActiveCfg = Release|x64
		{E958BC7A-F2D8-4765-AFD6-85BBF54CD921}.Release_NoDbgInfo|x64.Build.0 = Release|x64
		{E958BC7A-F2D8-4765-AFD6-85BBF54CD921}.Release_NoDbgInfo|x86.ActiveCfg = Release|Win32
		{E958BC7A-F2D8-4765-AFD6-85BBF54CD921}.Release|x64.ActiveCfg = Release|x64
		{E958BC7A-F2D8-4765-AFD6-85BBF54CD921}.Release|x64.Build.0 = Release|x64
		{E958BC7A-F2D8-4765-AFD6-85BBF54CD921}.Release|x86.ActiveCfg = Release|Win32
		{E958BC7A-F2D8-4765-AFD6-85BBF54CD921}.Release|x86.Build.0 = Release|Win32
		{F8D29C38-D37C-4AF2-8540-2F6E543264F1}.Debug Static CStatic|x64.ActiveCfg = Debug|x64
		{F8D29C38-D37C-4AF2-8540-2F6E543264F1}.Debug Static CStatic|x64.Build.0 = Debug|x64
		{F8D29C38-D37C-4AF2-8540-2F6E543264F1}.Debug Static CStatic|x86.ActiveCfg = Debug|Win32
		{F8D29C38-D37C-4AF2-8540-2F6E543264F1}.Debug Static CStatic|x86.Build.0 = Debug|Win32
		{F8D29C38-D37C-4AF2-8540-2F6E543264F1}.Debug Static|x64.ActiveCfg = Debug|Win32
		{F8D29C38-D37C-4AF2-8540-2F6E543264F1}.Debug Static|x86.ActiveCfg = Debug|Win32
		{F8D29C38-D37C-4AF2-8540-2F6E543264F1}.Debug Static|x86.Build.0 = Debug|Win32
		{F8D29C38-D37C-4AF2-8540-2F6E543264F1}.Debug_dll|x64.ActiveCfg = Release|Win32
		{F8D29C38-D37C-4AF2-8540-2F6E543264F1}.Debug_dll|x64.Build.0 = Release|Win32
		{F8D29C38-D37C-4AF2-8540-2F6E543264F1}.Debug_dll|x86.ActiveCfg = Debug|Win32
		{F8D29C38-D37C-4AF2-8540-2F6E543264F1}.Debug_dll|x86.Build.0 = Debug|Win32
		{F8D29C38-D37C-4AF2-8540-2F6E543264F1}.Debug|x64.ActiveCfg = Debug|x64
		{F8D29C38-D37C-4AF2-8540-2F6E543264F1}.Debug|x64.Build.0 = Debug|x64
		{F8D29C38-D37C-4AF2-8540-2F6E543264F1}.Debug|x86.ActiveCfg = Debug|Win32
		{F8D29C38-D37C-4AF2-8540-2F6E543264F1}.Release Static CStatic|x64.ActiveCfg = Release_NoDbgInfo|x64
		{F8D29C38-D37C-4AF2-8540-2F6E543264F1}.Release Static CStatic|x86.ActiveCfg = Release_NoDbgInfo|Win32
		{F8D29C38-D37C-4AF2-8540-2F6E543264F1}.Release Static CStatic|x86.Build.0 = Release_NoDbgInfo|Win32
		{F8D29C38-D37C-4AF2-8540-2F6E543264F1}.Release Static|x64.ActiveCfg = Release|Win32
		{F8D29C38-D37C-4AF2-8540-2F6E543264F1}.Release Static|x86.ActiveCfg = Release|Win32
		{F8D29C38-D37C-4AF2-8540-2F6E543264F1}.Release Static|x86.Build.0 = Release|Win32
		{F8D29C38-D37C-4AF2-8540-2F6E543264F1}.Release_dll|x64.ActiveCfg = Release|Win32
		{F8D29C38-D37C-4AF2-8540-2F6E543264F1}.Release_dll|x64.Build.0 = Release|Win32
		{F8D29C38-D37C-4AF2-8540-2F6E543264F1}.Release_dll|x86.ActiveCfg = Release|Win32
		{F8D29C38-D37C-4AF2-8540-2F6E543264F1}.Release_dll|x86.Build.0 = Release|Win32
		{F8D29C38-D37C-4AF2-8540-2F6E543264F1}.Release_NoDbgInfo|x64.ActiveCfg = Release|Win32
		{F8D29C38-D37C-4AF2-8540-2F6E543264F1}.Release_NoDbgInfo|x86.ActiveCfg = Release|Win32
		{F8D29C38-D37C-4AF2-8540-2F6E543264F1}.Release_NoDbgInfo|x86.Build.0 = Release|Win32
		{F8D29C38-D37C-4AF2-8540-2F6E543264F1}.Release|x64.ActiveCfg = Release|x64
		{F8D29C38-D37C-4AF2-8540-2F6E543264F1}.Release|x64.Build.0 = Release|x64
		{F8D29C38-D37C-4AF2-8540-2F6E543264F1}.Release|x86.ActiveCfg = Release|Win32
		{F8D29C38-D37C-4AF2-8540-2F6E543264F1}.Release|x86.Build.0 = Release|Win32
		{ECEAB68D-2F15-495F-A29C-5EA9548AA23D}.Debug Static CStatic|x64.ActiveCfg = Debug|x64
		{ECEAB68D-2F15-495F-A29C-5EA9548AA23D}.Debug Static CStatic|x64.Build.0 = Debug|x64
		{ECEAB68D-2F15-495F-A29C-5EA9548AA23D}.Debug Static CStatic|x86.ActiveCfg = Debug|Win32
		{ECEAB68D-2F15-495F-A29C-5EA9548AA23D}.Debug Static CStatic|x86.Build.0 = Debug|Win32
		{ECEAB68D-2F15-495F-A29C-5EA9548AA23D}.Debug Static|x64.ActiveCfg = Debug|x64
		{ECEAB68D-2F15-495F-A29C-5EA9548AA23D}.Debug Static|x64.Build.0 = Debug|x64
		{ECEAB68D-2F15-495F-A29C-5EA9548AA23D}.Debug Static|x86.ActiveCfg = Debug|Win32
		{ECEAB68D-2F15-495F-A29C-5EA9548AA23D}.Debug Static|x86.Build.0 = Debug|Win32
		{ECEAB68D-2F15-495F-A29C-5EA9548AA23D}.Debug_dll|x64.ActiveCfg = Debug|x64
		{ECEAB68D-2F15-495F-A29C-5EA9548AA23D}.Debug_dll|x64.Build.0 = Debug|x64
		{ECEAB68D-2F15-495F-A29C-5EA9548AA23D}.Debug_dll|x86.ActiveCfg = Debug|Win32
		{ECEAB68D-2F15-495F-A29C-5EA9548AA23D}.Debug_dll|x86.Build.0 = Debug|Win32
		{ECEAB68D-2F15-495F-A29C-5EA9548AA23D}.Debug|x64.ActiveCfg = Debug|x64
		{ECEAB68D-2F15-495F-A29C-5EA9548AA23D}.Debug|x64.Build.0 = Debug|x64
		{ECEAB68D-2F15-495F-A29C-5EA9548AA23D}.Debug|x86.ActiveCfg = Debug|Win32
		{ECEAB68D-2F15-495F-A29C-5EA9548AA23D}.Debug|x86.Build.0 = Debug|Win32
		{ECEAB68D-2F15-495F-A29C-5EA9548AA23D}.Release Static CStatic|x64.ActiveCfg = Release|x64
		{ECEAB68D-2F15-495F-A29C-5EA9548AA23D}.Release Static CStatic|x86.ActiveCfg = Release|Win32
		{ECEAB68D-2F15-495F-A29C-5EA9548AA23D}.Release Static CStatic|x86.Build.0 = Release|Win32
		{ECEAB68D-2F15-495F-A29C-5EA9548AA23D}.Release Static|x64.ActiveCfg = Release|x64
		{ECEAB68D-2F15-495F-A29C-5EA9548AA23D}.Release Static|x64.Build.0 = Release|x64
		{ECEAB68D-2F15-495F-A29C-5EA9548AA23D}.Release Static|x86.ActiveCfg = Release|Win32
		{ECEAB68D-2F15-495F-A29C-5EA9548AA23D}.Release Static|x86.Build.0 = Release|Win32
		{ECEAB68D-2F15-495F-A29C-5EA9548AA23D}.Release_dll|x64.ActiveCfg = Release|x64
		{ECEAB68D-2F15-495F-A29C-5EA9548AA23D}.Release_dll|x64.Build.0 = Release|x64
		{ECEAB68D-2F15-495F-A29C-5EA9548AA23D}.Release_dll|x86.ActiveCfg = Release|Win32
		{ECEAB68D-2F15-495F-A29C-5EA9548AA23D}.Release_dll|x86.Build.0 = Release|Win32
		{ECEAB68D-2F15-495F-A29C-5EA9548AA23D}.Release_NoDbgInfo|x64.ActiveCfg = Release|x64
		{ECEAB68D-2F15-495F-A29C-5EA9548AA23D}.Release_NoDbgInfo|x64.Build.0 = Release|x64
		{ECEAB68D-2F15-495F-A29C-5EA9548AA23D}.Release_NoDbgInfo|x86.ActiveCfg = Release|Win32
		{ECEAB68D-2F15-495F-A29C-5EA9548AA23D}.Release_NoDbgInfo|x86.Build.0 = Release|Win32
		{ECEAB68D-2F15-495F-A29C-5EA9548AA23D}.Release|x64.ActiveCfg = Release|x64
		{ECEAB68D-2F15-495F-A29C-5EA9548AA23D}.Release|x64.Build.0 = Release|x64
		{ECEAB68D-2F15-495F-A29C-5EA9548AA23D}.Release|x86.ActiveCfg = Release|Win32
		{ECEAB68D-2F15-495F-A29C-5EA9548AA23D}.Release|x86.Build.0 = Release|Win32
		{5BE0B958-C13B-4986-A588-97A8F707E42E}.Debug Static CStatic|x64.ActiveCfg = Debug Static CStatic|x64
		{5BE0B958-C13B-4986-A588-97A8F707E42E}.Debug Static CStatic|x64.Build.0 = Debug Static CStatic|x64
		{5BE0B958-C13B-4986-A588-97A8F707E42E}.Debug Static CStatic|x86.ActiveCfg = Debug Static CStatic|Win32
		{5BE0B958-C13B-4986-A588-97A8F707E42E}.Debug Static CStatic|x86.Build.0 = Debug Static CStatic|Win32
		{5BE0B958-C13B-4986-A588-97A8F707E42E}.Debug Static|x64.ActiveCfg = Debug|Win32
		{5BE0B958-C13B-4986-A588-97A8F707E42E}.Debug Static|x86.ActiveCfg = Debug|Win32
		{5BE0B958-C13B-4986-A588-97A8F707E42E}.Debug Static|x86.Build.0 = Debug|Win32
		{5BE0B958-C13B-4986-A588-97A8F707E42E}.Debug_dll|x64.ActiveCfg = Release|Win32
		{5BE0B958-C13B-4986-A588-97A8F707E42E}.Debug_dll|x64.Build.0 = Release|Win32
		{5BE0B958-C13B-4986-A588-97A8F707E42E}.Debug_dll|x86.ActiveCfg = Debug|Win32
		{5BE0B958-C13B-4986-A588-97A8F707E42E}.Debug_dll|x86.Build.0 = Debug|Win32
		{5BE0B958-C13B-4986-A588-97A8F707E42E}.Debug|x64.ActiveCfg = Debug|x64
		{5BE0B958-C13B-4986-A588-97A8F707E42E}.Debug|x64.Build.0 = Debug|x64
		{5BE0B958-C13B-4986-A588-97A8F707E42E}.Debug|x86.ActiveCfg = Debug|Win32
		{5BE0B958-C13B-4986-A588-97A8F707E42E}.Debug|x86.Build.0 = Debug|Win32
		{5BE0B958-C13B-4986-A588-97A8F707E42E}.Release Static CStatic|x64.ActiveCfg = Release Static CStatic|x64
		{5BE0B958-C13B-4986-A588-97A8F707E42E}.Release Static CStatic|x64.Build.0 = Release Static CStatic|x64
		{5BE0B958-C13B-4986-A588-97A8F707E42E}.Release Static CStatic|x86.ActiveCfg = Release Static CStatic|Win32
		{5BE0B958-C13B-4986-A588-97A8F707E42E}.Release Static CStatic|x86.Build.0 = Release Static CStatic|Win32
		{5BE0B958-C13B-4986-A588-97A8F707E42E}.Release Static|x64.ActiveCfg = Release|Win32
		{5BE0B958-C13B-4986-A588-97A8F707E42E}.Release Static|x86.ActiveCfg = Release|Win32
		{5BE0B958-C13B-4986-A588-97A8F707E42E}.Release Static|x86.Build.0 = Release|Win32
		{5BE0B958-C13B-4986-A588-97A8F707E42E}.Release_dll|x64.ActiveCfg = Release|Win32
		{5BE0B958-C13B-4986-A588-97A8F707E42E}.Release_dll|x64.Build.0 = Release|Win32
		{5BE0B958-C13B-4986-A588-97A8F707E42E}.Release_dll|x86.ActiveCfg = Release|Win32
		{5BE0B958-C13B-4986-A588-97A8F707E42E}.Release_dll|x86.Build.0 = Release|Win32
		{5BE0B958-C13B-4986-A588-97A8F707E42E}.Release_NoDbgInfo|x64.ActiveCfg = Release|Win32
		{5BE0B958-C13B-4986-A588-97A8F707E42E}.Release_NoDbgInfo|x86.ActiveCfg = Release|Win32
		{5BE0B958-C13B-4986-A588-97A8F707E42E}.Release_NoDbgInfo|x86.Build.0 = Release|Win32
		{5BE0B958-C13B-4986-A588-97A8F707E42E}.Release|x64.ActiveCfg = Release|x64
		{5BE0B958-C13B-4986-A588-97A8F707E42E}.Release|x64.Build.0 = Release|x64
		{5BE0B958-C13B-4986-A588-97A8F707E42E}.Release|x86.ActiveCfg = Release|Win32
		{53609BB3-D874-465C-AF7B-DF626DB0D89B}.Debug Static CStatic|x64.ActiveCfg = Debug_dll|x64
		{53609BB3-D874-465C-AF7B-DF626DB0D89B}.Debug Static CStatic|x64.Build.0 = Debug_dll|x64
		{53609BB3-D874-465C-AF7B-DF626DB0D89B}.Debug Static CStatic|x86.ActiveCfg = Debug_dll|Win32
		{53609BB3-D874-465C-AF7B-DF626DB0D89B}.Debug Static CStatic|x86.Build.0 = Debug_dll|Win32
		{53609BB3-D874-465C-AF7B-DF626DB0D89B}.Debug Static|x64.ActiveCfg = Release|Win32
		{53609BB3-D874-465C-AF7B-DF626DB0D89B}.Debug Static|x64.Build.0 = Release|Win32
		{53609BB3-D874-465C-AF7B-DF626DB0D89B}.Debug Static|x86.ActiveCfg = Debug|Win32
		{53609BB3-D874-465C-AF7B-DF626DB0D89B}.Debug Static|x86.Build.0 = Debug|Win32
		{53609BB3-D874-465C-AF7B-DF626DB0D89B}.Debug_dll|x64.ActiveCfg = Debug_dll|Win32
		{53609BB3-D874-465C-AF7B-DF626DB0D89B}.Debug_dll|x86.ActiveCfg = Debug_dll|Win32
		{53609BB3-D874-465C-AF7B-DF626DB0D89B}.Debug_dll|x86.Build.0 = Debug_dll|Win32
		{53609BB3-D874-465C-AF7B-DF626DB0D89B}.Debug|x64.ActiveCfg = Debug|x64
		{53609BB3-D874-465C-AF7B-DF626DB0D89B}.Debug|x64.Build.0 = Debug|x64
		{53609BB3-D874-465C-AF7B-DF626DB0D89B}.Debug|x86.ActiveCfg = Debug|Win32
		{53609BB3-D874-465C-AF7B-DF626DB0D89B}.Release Static CStatic|x64.ActiveCfg = Release_dll|x64
		{53609BB3-D874-465C-AF7B-DF626DB0D89B}.Release Static CStatic|x86.ActiveCfg = Release_dll|Win32
		{53609BB3-D874-465C-AF7B-DF626DB0D89B}.Release Static CStatic|x86.Build.0 = Release_dll|Win32
		{53609BB3-D874-465C-AF7B-DF626DB0D89B}.Release Static|x64.ActiveCfg = Release|Win32
		{53609BB3-D874-465C-AF7B-DF626DB0D89B}.Release Static|x64.Build.0 = Release|Win32
		{53609BB3-D874-465C-AF7B-DF626DB0D89B}.Release Static|x86.ActiveCfg = Release|Win32
		{53609BB3-D874-465C-AF7B-DF626DB0D89B}.Release Static|x86.Build.0 = Release|Win32
		{53609BB3-D874-465C-AF7B-DF626DB0D89B}.Release_dll|x64.ActiveCfg = Release_dll|Win32
		{53609BB3-D874-465C-AF7B-DF626DB0D89B}.Release_dll|x86.ActiveCfg = Release_dll|Win32
		{53609BB3-D874-465C-AF7B-DF626DB0D89B}.Release_dll|x86.Build.0 = Release_dll|Win32
		{53609BB3-D874-465C-AF7B-DF626DB0D89B}.Release_NoDbgInfo|x64.ActiveCfg = Release|Win32
		{53609BB3-D874-465C-AF7B-DF626DB0D89B}.Release_NoDbgInfo|x86.ActiveCfg = Release|Win32
		{53609BB3-D874-465C-AF7B-DF626DB0D89B}.Release_NoDbgInfo|x86.Build.0 = Release|Win32
		{53609BB3-D874-465C-AF7B-DF626DB0D89B}.Release|x64.ActiveCfg = Release|x64
		{53609BB3-D874-465C-AF7B-DF626DB0D89B}.Release|x64.Build.0 = Release|x64
		{53609BB3-D874-465C-AF7B-DF626DB0D89B}.Release|x86.ActiveCfg = Release|Win32
		{53609BB3-D874-465C-AF7B-DF626DB0D89B}.Release|x86.Build.0 = Release|Win32
		{29025CF2-07CC-4C25-A672-6324C95AA28E}.Debug Static CStatic|x64.ActiveCfg = Debug|x64
		{29025CF2-07CC-4C25-A672-6324C95AA28E}.Debug Static CStatic|x64.Build.0 = Debug|x64
		{29025CF2-07CC-4C25-A672-6324C95AA28E}.Debug Static CStatic|x86.ActiveCfg = Debug|Win32
		{29025CF2-07CC-4C25-A672-6324C95AA28E}.Debug Static CStatic|x86.Build.0 = Debug|Win32
		{29025CF2-07CC-4C25-A672-6324C95AA28E}.Debug Static|x64.ActiveCfg = Debug|x64
		{29025CF2-07CC-4C25-A672-6324C95AA28E}.Debug Static|x64.Build.0 = Debug|x64
		{29025CF2-07CC-4C25-A672-6324C95AA28E}.Debug Static|x86.ActiveCfg = Debug|Win32
		{29025CF2-07CC-4C25-A672-6324C95AA28E}.Debug Static|x86.Build.0 = Debug|Win32
		{29025CF2-07CC-4C25-A672-6324C95AA28E}.Debug_dll|x64.ActiveCfg = Debug|x64
		{29025CF2-07CC-4C25-A672-6324C95AA28E}.Debug_dll|x64.Build.0 = Debug|x64
		{29025CF2-07CC-4C25-A672-6324C95AA28E}.Debug_dll|x86.ActiveCfg = Debug|Win32
		{29025CF2-07CC-4C25-A672-6324C95AA28E}.Debug_dll|x86.Build.0 = Debug|Win32
		{29025CF2-07CC-4C25-A672-6324C95AA28E}.Debug|x64.ActiveCfg = Debug|x64
		{29025CF2-07CC-4C25-A672-6324C95AA28E}.Debug|x64.Build.0 = Debug|x64
		{29025CF2-07CC-4C25-A672-6324C95AA28E}.Debug|x86.ActiveCfg = Debug|Win32
		{29025CF2-07CC-4C25-A672-6324C95AA28E}.Release Static CStatic|x64.ActiveCfg = Release|x64
		{29025CF2-07CC-4C25-A672-6324C95AA28E}.Release Static CStatic|x86.ActiveCfg = Release|Win32
		{29025CF2-07CC-4C25-A672-6324C95AA28E}.Release Static CStatic|x86.Build.0 = Release|Win32
		{29025CF2-07CC-4C25-A672-6324C95AA28E}.Release Static|x64.ActiveCfg = Release|x64
		{29025CF2-07CC-4C25-A672-6324C95AA28E}.Release Static|x64.Build.0 = Release|x64
		{29025CF2-07CC-4C25-A672-6324C95AA28E}.Release Static|x86.ActiveCfg = Release|Win32
		{29025CF2-07CC-4C25-A672-6324C95AA28E}.Release Static|x86.Build.0 = Release|Win32
		{29025CF2-07CC-4C25-A672-6324C95AA28E}.Release_dll|x64.ActiveCfg = Release|x64
		{29025CF2-07CC-4C25-A672-6324C95AA28E}.Release_dll|x64.Build.0 = Release|x64
		{29025CF2-07CC-4C25-A672-6324C95AA28E}.Release_dll|x86.ActiveCfg = Release|Win32
		{29025CF2-07CC-4C25-A672-6324C95AA28E}.Release_dll|x86.Build.0 = Release|Win32
		{29025CF2-07CC-4C25-A672-6324C95AA28E}.Release_NoDbgInfo|x64.ActiveCfg = Release|x64
		{29025CF2-07CC-4C25-A672-6324C95AA28E}.Release_NoDbgInfo|x64.Build.0 = Release|x64
		{29025CF2-07CC-4C25-A672-6324C95AA28E}.Release_NoDbgInfo|x86.ActiveCfg = Release|Win32
		{29025CF2-07CC-4C25-A672-6324C95AA28E}.Release_NoDbgInfo|x86.Build.0 = Release|Win32
		{29025CF2-07CC-4C25-A672-6324C95AA28E}.Release|x64.ActiveCfg = Release|x64
		{29025CF2-07CC-4C25-A672-6324C95AA28E}.Release|x64.Build.0 = Release|x64
		{29025CF2-07CC-4C25-A672-6324C95AA28E}.Release|x86.ActiveCfg = Release|Win32
		{29025CF2-07CC-4C25-A672-6324C95AA28E}.Release|x86.Build.0 = Release|Win32
		{29025CF2-07CC-4C25-A672-6324C95AA28F}.Debug Static CStatic|x64.ActiveCfg = Debug|x64
		{29025CF2-07CC-4C25-A672-6324C95AA28F}.Debug Static CStatic|x64.Build.0 = Debug|x64
		{29025CF2-07CC-4C25-A672-6324C95AA28F}.Debug Static CStatic|x86.ActiveCfg = Debug|Win32
		{29025CF2-07CC-4C25-A672-6324C95AA28F}.Debug Static CStatic|x86.Build.0 = Debug|Win32
		{29025CF2-07CC-4C25-A672-6324C95AA28F}.Debug Static|x64.ActiveCfg = Debug|x64
		{29025CF2-07CC-4C25-A672-6324C95AA28F}.Debug Static|x64.Build.0 = Debug|x64
		{29025CF2-07CC-4C25-A672-6324C95AA28F}.Debug Static|x86.ActiveCfg = Debug|Win32
		{29025CF2-07CC-4C25-A672-6324C95AA28F}.Debug Static|x86.Build.0 = Debug|Win32
		{29025CF2-07CC-4C25-A672-6324C95AA28F}.Debug_dll|x64.ActiveCfg = Debug|x64
		{29025CF2-07CC-4C25-A672-6324C95AA28F}.Debug_dll|x64.Build.0 = Debug|x64
		{29025CF2-07CC-4C25-A672-6324C95AA28F}.Debug_dll|x86.ActiveCfg = Debug|Win32
		{29025CF2-07CC-4C25-A672-6324C95AA28F}.Debug_dll|x86.Build.0 = Debug|Win32
		{29025CF2-07CC-4C25-A672-6324C95AA28F}.Debug|x64.ActiveCfg = Debug|x64
		{29025CF2-07CC-4C25-A672-6324C95AA28F}.Debug|x64.Build.0 = Debug|x64
		{29025CF2-07CC-4C25-A672-6324C95AA28F}.Debug|x86.ActiveCfg = Debug|Win32
		{29025CF2-07CC-4C25-A672-6324C95AA28F}.Release Static CStatic|x64.ActiveCfg = Release|x64
		{29025CF2-07CC-4C25-A672-6324C95AA28F}.Release Static CStatic|x86.ActiveCfg = Release|Win32
		{29025CF2-07CC-4C25-A672-6324C95AA28F}.Release Static CStatic|x86.Build.0 = Release|Win32
		{29025CF2-07CC-4C25-A672-6324C95AA28F}.Release Static|x64.ActiveCfg = Release|x64
		{29025CF2-07CC-4C25-A672-6324C95AA28F}.Release Static|x64.Build.0 = Release|x64
		{29025CF2-07CC-4C25-A672-6324C95AA28F}.Release Static|x86.ActiveCfg = Release|Win32
		{29025CF2-07CC-4C25-A672-6324C95AA28F}.Release Static|x86.Build.0 = Release|Win32
		{29025CF2-07CC-4C25-A672-6324C95AA28F}.Release_dll|x64.ActiveCfg = Release|x64
		{29025CF2-07CC-4C25-A672-6324C95AA28F}.Release_dll|x64.Build.0 = Release|x64
		{29025CF2-07CC-4C25-A672-6324C95AA28F}.Release_dll|x86.ActiveCfg = Release|Win32
		{29025CF2-07CC-4C25-A672-6324C95AA28F}.Release_dll|x86.Build.0 = Release|Win32
		{29025CF2-07CC-4C25-A672-6324C95AA28F}.Release_NoDbgInfo|x64.ActiveCfg = Release|x64
		{29025CF2-07CC-4C25-A672-6324C95AA28F}.Release_NoDbgInfo|x64.Build.0 = Release|x64
		{29025CF2-07CC-4C25-A672-6324C95AA28F}.Release_NoDbgInfo|x86.ActiveCfg = Release|Win32
		{29025CF2-07CC-4C25-A672-6324C95AA28F}.Release_NoDbgInfo|x86.Build.0 = Release|Win32
		{29025CF2-07CC-4C25-A672-6324C95AA28F}.Release|x64.ActiveCfg = Release|x64
		{29025CF2-07CC-4C25-A672-6324C95AA28F}.Release|x64.Build.0 = Release|x64
		{29025CF2-07CC-4C25-A672-6324C95AA28F}.Release|x86.ActiveCfg = Release|Win32
		{29025CF2-07CC-4C25-A672-6324C95AA28F}.Release|x86.Build.0 = Release|Win32
		{78BE2825-EF6A-4C57-B22D-FF69EB925359}.Debug Static CStatic|x64.ActiveCfg = Debug|x64
		{78BE2825-EF6A-4C57-B22D-FF69EB925359}.Debug Static CStatic|x64.Build.0 = Debug|x64
		{78BE2825-EF6A-4C57-B22D-FF69EB925359}.Debug Static CStatic|x86.ActiveCfg = Debug|Win32
		{78BE2825-EF6A-4C57-B22D-FF69EB925359}.Debug Static CStatic|x86.Build.0 = Debug|Win32
		{78BE2825-EF6A-4C57-B22D-FF69EB925359}.Debug Static|x64.ActiveCfg = Debug|x64
		{78BE2825-EF6A-4C57-B22D-FF69EB925359}.Debug Static|x64.Build.0 = Debug|x64
		{78BE2825-EF6A-4C57-B22D-FF69EB925359}.Debug Static|x86.ActiveCfg = Debug|Win32
		{78BE2825-EF6A-4C57-B22D-FF69EB925359}.Debug Static|x86.Build.0 = Debug|Win32
		{78BE2825-EF6A-4C57-B22D-FF69EB925359}.Debug_dll|x64.ActiveCfg = Debug|x64
		{78BE2825-EF6A-4C57-B22D-FF69EB925359}.Debug_dll|x64.Build.0 = Debug|x64
		{78BE2825-EF6A-4C57-B22D-FF69EB925359}.Debug_dll|x86.ActiveCfg = Debug|Win32
		{78BE2825-EF6A-4C57-B22D-FF69EB925359}.Debug_dll|x86.Build.0 = Debug|Win32
		{78BE2825-EF6A-4C57-B22D-FF69EB925359}.Debug|x64.ActiveCfg = Debug|x64
		{78BE2825-EF6A-4C57-B22D-FF69EB925359}.Debug|x64.Build.0 = Debug|x64
		{78BE2825-EF6A-4C57-B22D-FF69EB925359}.Debug|x86.ActiveCfg = Debug|Win32
		{78BE2825-EF6A-4C57-B22D-FF69EB925359}.Release Static CStatic|x64.ActiveCfg = Release|x64
		{78BE2825-EF6A-4C57-B22D-FF69EB925359}.Release Static CStatic|x86.ActiveCfg = Release|Win32
		{78BE2825-EF6A-4C57-B22D-FF69EB925359}.Release Static CStatic|x86.Build.0 = Release|Win32
		{78BE2825-EF6A-4C57-B22D-FF69EB925359}.Release Static|x64.ActiveCfg = Release|x64
		{78BE2825-EF6A-4C57-B22D-FF69EB925359}.Release Static|x64.Build.0 = Release|x64
		{78BE2825-EF6A-4C57-B22D-FF69EB925359}.Release Static|x86.ActiveCfg = Release|Win32
		{78BE2825-EF6A-4C57-B22D-FF69EB925359}.Release Static|x86.Build.0 = Release|Win32
		{78BE2825-EF6A-4C57-B22D-FF69EB925359}.Release_dll|x64.ActiveCfg = Release|x64
		{78BE2825-EF6A-4C57-B22D-FF69EB925359}.Release_dll|x64.Build.0 = Release|x64
		{78BE2825-EF6A-4C57-B22D-FF69EB925359}.Release_dll|x86.ActiveCfg = Release|Win32
		{78BE2825-EF6A-4C57-B22D-FF69EB925359}.Release_dll|x86.Build.0 = Release|Win32
		{78BE2825-EF6A-4C57-B22D-FF69EB925359}.Release_NoDbgInfo|x64.ActiveCfg = Release|x64
		{78BE2825-EF6A-4C57-B22D-FF69EB925359}.Release_NoDbgInfo|x64.Build.0 = Release|x64
		{78BE2825-EF6A-4C57-B22D-FF69EB925359}.Release_NoDbgInfo|x86.ActiveCfg = Release|Win32
		{78BE2825-EF6A-4C57-B22D-FF69EB925359}.Release_NoDbgInfo|x86.Build.0 = Release|Win32
		{78BE2825-EF6A-4C57-B22D-FF69EB925359}.Release|x64.ActiveCfg = Release|x64
		{78BE2825-EF6A-4C57-B22D-FF69EB925359}.Release|x64.Build.0 = Release|x64
		{78BE2825-EF6A-4C57-B22D-FF69EB925359}.Release|x86.ActiveCfg = Release|Win32
		{78BE2825-EF6A-4C57-B22D-FF69EB925359}.Release|x86.Build.0 = Release|Win32
		{755663F3-7C3F-4321-ABFF-CB036C0F2C9F}.Debug Static CStatic|x64.ActiveCfg = Debug|x64
		{755663F3-7C3F-4321-ABFF-CB036C0F2C9F}.Debug Static CStatic|x64.Build.0 = Debug|x64
		{755663F3-7C3F-4321-ABFF-CB036C0F2C9F}.Debug Static CStatic|x86.ActiveCfg = Debug|Win32
		{755663F3-7C3F-4321-ABFF-CB036C0F2C9F}.Debug Static CStatic|x86.Build.0 = Debug|Win32
		{755663F3-7C3F-4321-ABFF-CB036C0F2C9F}.Debug Static|x64.ActiveCfg = Debug|x64
		{755663F3-7C3F-4321-ABFF-CB036C0F2C9F}.Debug Static|x64.Build.0 = Debug|x64
		{755663F3-7C3F-4321-ABFF-CB036C0F2C9F}.Debug Static|x86.ActiveCfg = Debug|Win32
		{755663F3-7C3F-4321-ABFF-CB036C0F2C9F}.Debug Static|x86.Build.0 = Debug|Win32
		{755663F3-7C3F-4321-ABFF-CB036C0F2C9F}.Debug_dll|x64.ActiveCfg = Debug|x64
		{755663F3-7C3F-4321-ABFF-CB036C0F2C9F}.Debug_dll|x64.Build.0 = Debug|x64
		{755663F3-7C3F-4321-ABFF-CB036C0F2C9F}.Debug_dll|x86.ActiveCfg = Debug|Win32
		{755663F3-7C3F-4321-ABFF-CB036C0F2C9F}.Debug_dll|x86.Build.0 = Debug|Win32
		{755663F3-7C3F-4321-ABFF-CB036C0F2C9F}.Debug|x64.ActiveCfg = Debug|x64
		{755663F3-7C3F-4321-ABFF-CB036C0F2C9F}.Debug|x64.Build.0 = Debug|x64
		{755663F3-7C3F-4321-ABFF-CB036C0F2C9F}.Debug|x86.ActiveCfg = Debug|Win32
		{755663F3-7C3F-4321-ABFF-CB036C0F2C9F}.Release Static CStatic|x64.ActiveCfg = Release|x64
		{755663F3-7C3F-4321-ABFF-CB036C0F2C9F}.Release Static CStatic|x86.ActiveCfg = Release|Win32
		{755663F3-7C3F-4321-ABFF-CB036C0F2C9F}.Release Static CStatic|x86.Build.0 = Release|Win32
		{755663F3-7C3F-4321-ABFF-CB036C0F2C9F}.Release Static|x64.ActiveCfg = Release|x64
		{755663F3-7C3F-4321-ABFF-CB036C0F2C9F}.Release Static|x64.Build.0 = Release|x64
		{755663F3-7C3F-4321-ABFF-CB036C0F2C9F}.Release Static|x86.ActiveCfg = Release|Win32
		{755663F3-7C3F-4321-ABFF-CB036C0F2C9F}.Release Static|x86.Build.0 = Release|Win32
		{755663F3-7C3F-4321-ABFF-CB036C0F2C9F}.Release_dll|x64.ActiveCfg = Release|x64
		{755663F3-7C3F-4321-ABFF-CB036C0F2C9F}.Release_dll|x64.Build.0 = Release|x64
		{755663F3-7C3F-4321-ABFF-CB036C0F2C9F}.Release_dll|x86.ActiveCfg = Release|Win32
		{755663F3-7C3F-4321-ABFF-CB036C0F2C9F}.Release_dll|x86.Build.0 = Release|Win32
		{755663F3-7C3F-4321-ABFF-CB036C0F2C9F}.Release_NoDbgInfo|x64.ActiveCfg = Release|x64
		{755663F3-7C3F-4321-ABFF-CB036C0F2C9F}.Release_NoDbgInfo|x64.Build.0 = Release|x64
		{755663F3-7C3F-4321-ABFF-CB036C0F2C9F}.Release_NoDbgInfo|x86.ActiveCfg = Release|Win32
		{755663F3-7C3F-4321-ABFF-CB036C0F2C9F}.Release_NoDbgInfo|x86.Build.0 = Release|Win32
		{755663F3-7C3F-4321-ABFF-CB036C0F2C9F}.Release|x64.ActiveCfg = Release|x64
		{755663F3-7C3F-4321-ABFF-CB036C0F2C9F}.Release|x64.Build.0 = Release|x64
		{755663F3-7C3F-4321-ABFF-CB036C0F2C9F}.Release|x86.ActiveCfg = Release|Win32
		{755663F3-7C3F-4321-ABFF-CB036C0F2C9F}.Release|x86.Build.0 = Release|Win32
		{8F529049-889A-4FC6-9F4C-FAAFC42C9519}.Debug Static CStatic|x64.ActiveCfg = Debug|x64
		{8F529049-889A-4FC6-9F4C-FAAFC42C9519}.Debug Static CStatic|x64.Build.0 = Debug|x64
		{8F529049-889A-4FC6-9F4C-FAAFC42C9519}.Debug Static CStatic|x86.ActiveCfg = Debug|Win32
		{8F529049-889A-4FC6-9F4C-FAAFC42C9519}.Debug Static CStatic|x86.Build.0 = Debug|Win32
		{8F529049-889A-4FC6-9F4C-FAAFC42C9519}.Debug Static|x64.ActiveCfg = Debug|x64
		{8F529049-889A-4FC6-9F4C-FAAFC42C9519}.Debug Static|x64.Build.0 = Debug|x64
		{8F529049-889A-4FC6-9F4C-FAAFC42C9519}.Debug Static|x86.ActiveCfg = Debug|Win32
		{8F529049-889A-4FC6-9F4C-FAAFC42C9519}.Debug Static|x86.Build.0 = Debug|Win32
		{8F529049-889A-4FC6-9F4C-FAAFC42C9519}.Debug_dll|x64.ActiveCfg = Debug|x64
		{8F529049-889A-4FC6-9F4C-FAAFC42C9519}.Debug_dll|x64.Build.0 = Debug|x64
		{8F529049-889A-4FC6-9F4C-FAAFC42C9519}.Debug_dll|x86.ActiveCfg = Debug|Win32
		{8F529049-889A-4FC6-9F4C-FAAFC42C9519}.Debug_dll|x86.Build.0 = Debug|Win32
		{8F529049-889A-4FC6-9F4C-FAAFC42C9519}.Debug|x64.ActiveCfg = Debug|x64
		{8F529049-889A-4FC6-9F4C-FAAFC42C9519}.Debug|x64.Build.0 = Debug|x64
		{8F529049-889A-4FC6-9F4C-FAAFC42C9519}.Debug|x86.ActiveCfg = Debug|Win32
		{8F529049-889A-4FC6-9F4C-FAAFC42C9519}.Debug|x86.Build.0 = Debug|Win32
		{8F529049-889A-4FC6-9F4C-FAAFC42C9519}.Release Static CStatic|x64.ActiveCfg = Release|x64
		{8F529049-889A-4FC6-9F4C-FAAFC42C9519}.Release Static CStatic|x86.ActiveCfg = Release|Win32
		{8F529049-889A-4FC6-9F4C-FAAFC42C9519}.Release Static CStatic|x86.Build.0 = Release|Win32
		{8F529049-889A-4FC6-9F4C-FAAFC42C9519}.Release Static|x64.ActiveCfg = Release|x64
		{8F529049-889A-4FC6-9F4C-FAAFC42C9519}.Release Static|x64.Build.0 = Release|x64
		{8F529049-889A-4FC6-9F4C-FAAFC42C9519}.Release Static|x86.ActiveCfg = Release|Win32
		{8F529049-889A-4FC6-9F4C-FAAFC42C9519}.Release Static|x86.Build.0 = Release|Win32
		{8F529049-889A-4FC6-9F4C-FAAFC42C9519}.Release_dll|x64.ActiveCfg = Release|x64
		{8F529049-889A-4FC6-9F4C-FAAFC42C9519}.Release_dll|x64.Build.0 = Release|x64
		{8F529049-889A-4FC6-9F4C-FAAFC42C9519}.Release_dll|x86.ActiveCfg = Release|Win32
		{8F529049-889A-4FC6-9F4C-FAAFC42C9519}.Release_dll|x86.Build.0 = Release|Win32
		{8F529049-889A-4FC6-9F4C-FAAFC42C9519}.Release_NoDbgInfo|x64.ActiveCfg = Release|x64
		{8F529049-889A-4FC6-9F4C-FAAFC42C9519}.Release_NoDbgInfo|x64.Build.0 = Release|x64
		{8F529049-889A-4FC6-9F4C-FAAFC42C9519}.Release_NoDbgInfo|x86.ActiveCfg = Release|Win32
		{8F529049-889A-4FC6-9F4C-FAAFC42C9519}.Release_NoDbgInfo|x86.Build.0 = Release|Win32
		{8F529049-889A-4FC6-9F4C-FAAFC42C9519}.Release|x64.ActiveCfg = Release|x64
		{8F529049-889A-4FC6-9F4C-FAAFC42C9519}.Release|x64.Build.0 = Release|x64
		{8F529049-889A-4FC6-9F4C-FAAFC42C9519}.Release|x86.ActiveCfg = Release|Win32
		{8F529049-889A-4FC6-9F4C-FAAFC42C9519}.Release|x86.Build.0 = Release|Win32
	EndGlobalSection
	GlobalSection(SolutionProperties) = preSolution
		HideSolutionNode = FALSE
	EndGlobalSection
	GlobalSection(ExtensibilityGlobals) = postSolution
		SolutionGuid = {460361DC-9F40-4AE7-B647-82D5D69B70DC}
		VD_Solution = <?xml version="1.0" encoding="utf-16"?>|§r|§n<DocumentsSolution xmlns:xsi="http://www.w3.org/2001/XMLSchema-instance" xmlns:xsd="http://www.w3.org/2001/XMLSchema">|§r|§n  <m_persistedPinnedDocumentGroupLabels>|§r|§n    <string>X86</string>|§r|§n  </m_persistedPinnedDocumentGroupLabels>|§r|§n</DocumentsSolution>
	EndGlobalSection
EndGlobal
