
Microsoft Visual Studio Solution File, Format Version 12.00
# Visual Studio 15
VisualStudioVersion = 15.0.27205.2004
MinimumVisualStudioVersion = 10.0.40219.1
Project("{8BC9CEB8-8B4A-11D0-8D11-00A0C91BC942}") = "BeefRT", "..\BeefRT\BeefRT.vcxproj", "{5BE0B958-C13B-4986-A588-97A8F707E42E}"
EndProject
Project("{8BC9CEB8-8B4A-11D0-8D11-00A0C91BC942}") = "BeefDbg", "..\BeefRT\BeefDbg\BeefDbg.vcxproj", "{8F529049-889A-4FC6-9F4C-FAAFC42C9519}"
EndProject
Project("{8BC9CEB8-8B4A-11D0-8D11-00A0C91BC942}") = "MinRT", "..\BeefRT\MinRT\MinRT.vcxproj", "{99F126A1-8D35-48DE-BE7F-A9B6D3F6FA9F}"
EndProject
Global
	GlobalSection(SolutionConfigurationPlatforms) = preSolution
		Debug Static CStatic|Any CPU = Debug Static CStatic|Any CPU
		Debug Static CStatic|Mixed Platforms = Debug Static CStatic|Mixed Platforms
		Debug Static CStatic|Win32 = Debug Static CStatic|Win32
		Debug Static CStatic|x64 = Debug Static CStatic|x64
		Debug Static CStatic|x86 = Debug Static CStatic|x86
		Debug Static|Any CPU = Debug Static|Any CPU
		Debug Static|Mixed Platforms = Debug Static|Mixed Platforms
		Debug Static|Win32 = Debug Static|Win32
		Debug Static|x64 = Debug Static|x64
		Debug Static|x86 = Debug Static|x86
		Debug|Any CPU = Debug|Any CPU
		Debug|Mixed Platforms = Debug|Mixed Platforms
		Debug|Win32 = Debug|Win32
		Debug|x64 = Debug|x64
		Debug|x86 = Debug|x86
		Release Static CStatic|Any CPU = Release Static CStatic|Any CPU
		Release Static CStatic|Mixed Platforms = Release Static CStatic|Mixed Platforms
		Release Static CStatic|Win32 = Release Static CStatic|Win32
		Release Static CStatic|x64 = Release Static CStatic|x64
		Release Static CStatic|x86 = Release Static CStatic|x86
		Release Static|Any CPU = Release Static|Any CPU
		Release Static|Mixed Platforms = Release Static|Mixed Platforms
		Release Static|Win32 = Release Static|Win32
		Release Static|x64 = Release Static|x64
		Release Static|x86 = Release Static|x86
		Release|Any CPU = Release|Any CPU
		Release|Mixed Platforms = Release|Mixed Platforms
		Release|Win32 = Release|Win32
		Release|x64 = Release|x64
		Release|x86 = Release|x86
	EndGlobalSection
	GlobalSection(ProjectConfigurationPlatforms) = postSolution
		{5BE0B958-C13B-4986-A588-97A8F707E42E}.Debug Static CStatic|Any CPU.ActiveCfg = Debug|Win32
		{5BE0B958-C13B-4986-A588-97A8F707E42E}.Debug Static CStatic|Mixed Platforms.ActiveCfg = Debug|Win32
		{5BE0B958-C13B-4986-A588-97A8F707E42E}.Debug Static CStatic|Mixed Platforms.Build.0 = Debug|Win32
		{5BE0B958-C13B-4986-A588-97A8F707E42E}.Debug Static CStatic|Win32.ActiveCfg = Debug|Win32
		{5BE0B958-C13B-4986-A588-97A8F707E42E}.Debug Static CStatic|Win32.Build.0 = Debug|Win32
		{5BE0B958-C13B-4986-A588-97A8F707E42E}.Debug Static CStatic|x64.ActiveCfg = Debug Static CStatic|x64
		{5BE0B958-C13B-4986-A588-97A8F707E42E}.Debug Static CStatic|x64.Build.0 = Debug Static CStatic|x64
		{5BE0B958-C13B-4986-A588-97A8F707E42E}.Debug Static CStatic|x86.ActiveCfg = Debug|Win32
		{5BE0B958-C13B-4986-A588-97A8F707E42E}.Debug Static CStatic|x86.Build.0 = Debug|Win32
		{5BE0B958-C13B-4986-A588-97A8F707E42E}.Debug Static|Any CPU.ActiveCfg = Debug|Win32
		{5BE0B958-C13B-4986-A588-97A8F707E42E}.Debug Static|Mixed Platforms.ActiveCfg = Debug|Win32
		{5BE0B958-C13B-4986-A588-97A8F707E42E}.Debug Static|Mixed Platforms.Build.0 = Debug|Win32
		{5BE0B958-C13B-4986-A588-97A8F707E42E}.Debug Static|Win32.ActiveCfg = Debug|Win32
		{5BE0B958-C13B-4986-A588-97A8F707E42E}.Debug Static|Win32.Build.0 = Debug|Win32
		{5BE0B958-C13B-4986-A588-97A8F707E42E}.Debug Static|x64.ActiveCfg = Debug Static|x64
		{5BE0B958-C13B-4986-A588-97A8F707E42E}.Debug Static|x64.Build.0 = Debug Static|x64
		{5BE0B958-C13B-4986-A588-97A8F707E42E}.Debug Static|x86.ActiveCfg = Debug|Win32
		{5BE0B958-C13B-4986-A588-97A8F707E42E}.Debug Static|x86.Build.0 = Debug|Win32
		{5BE0B958-C13B-4986-A588-97A8F707E42E}.Debug|Any CPU.ActiveCfg = Debug|Win32
		{5BE0B958-C13B-4986-A588-97A8F707E42E}.Debug|Mixed Platforms.ActiveCfg = Debug|Win32
		{5BE0B958-C13B-4986-A588-97A8F707E42E}.Debug|Win32.ActiveCfg = Debug|Win32
		{5BE0B958-C13B-4986-A588-97A8F707E42E}.Debug|x64.ActiveCfg = Debug|x64
		{5BE0B958-C13B-4986-A588-97A8F707E42E}.Debug|x64.Build.0 = Debug|x64
		{5BE0B958-C13B-4986-A588-97A8F707E42E}.Debug|x86.ActiveCfg = Debug|Win32
		{5BE0B958-C13B-4986-A588-97A8F707E42E}.Release Static CStatic|Any CPU.ActiveCfg = Release|Win32
		{5BE0B958-C13B-4986-A588-97A8F707E42E}.Release Static CStatic|Mixed Platforms.ActiveCfg = Release|Win32
		{5BE0B958-C13B-4986-A588-97A8F707E42E}.Release Static CStatic|Mixed Platforms.Build.0 = Release|Win32
		{5BE0B958-C13B-4986-A588-97A8F707E42E}.Release Static CStatic|Win32.ActiveCfg = Release|Win32
		{5BE0B958-C13B-4986-A588-97A8F707E42E}.Release Static CStatic|Win32.Build.0 = Release|Win32
		{5BE0B958-C13B-4986-A588-97A8F707E42E}.Release Static CStatic|x64.ActiveCfg = Release Static CStatic|x64
		{5BE0B958-C13B-4986-A588-97A8F707E42E}.Release Static CStatic|x64.Build.0 = Release Static CStatic|x64
		{5BE0B958-C13B-4986-A588-97A8F707E42E}.Release Static CStatic|x86.ActiveCfg = Release|Win32
		{5BE0B958-C13B-4986-A588-97A8F707E42E}.Release Static CStatic|x86.Build.0 = Release|Win32
		{5BE0B958-C13B-4986-A588-97A8F707E42E}.Release Static|Any CPU.ActiveCfg = Release|Win32
		{5BE0B958-C13B-4986-A588-97A8F707E42E}.Release Static|Mixed Platforms.ActiveCfg = Release|Win32
		{5BE0B958-C13B-4986-A588-97A8F707E42E}.Release Static|Mixed Platforms.Build.0 = Release|Win32
		{5BE0B958-C13B-4986-A588-97A8F707E42E}.Release Static|Win32.ActiveCfg = Release|Win32
		{5BE0B958-C13B-4986-A588-97A8F707E42E}.Release Static|Win32.Build.0 = Release|Win32
		{5BE0B958-C13B-4986-A588-97A8F707E42E}.Release Static|x64.ActiveCfg = Release Static|x64
		{5BE0B958-C13B-4986-A588-97A8F707E42E}.Release Static|x64.Build.0 = Release Static|x64
		{5BE0B958-C13B-4986-A588-97A8F707E42E}.Release Static|x86.ActiveCfg = Release|Win32
		{5BE0B958-C13B-4986-A588-97A8F707E42E}.Release Static|x86.Build.0 = Release|Win32
		{5BE0B958-C13B-4986-A588-97A8F707E42E}.Release|Any CPU.ActiveCfg = Release|Win32
		{5BE0B958-C13B-4986-A588-97A8F707E42E}.Release|Mixed Platforms.ActiveCfg = Release|Win32
		{5BE0B958-C13B-4986-A588-97A8F707E42E}.Release|Mixed Platforms.Build.0 = Release|Win32
		{5BE0B958-C13B-4986-A588-97A8F707E42E}.Release|Win32.ActiveCfg = Release|Win32
		{5BE0B958-C13B-4986-A588-97A8F707E42E}.Release|x64.ActiveCfg = Release|x64
		{5BE0B958-C13B-4986-A588-97A8F707E42E}.Release|x64.Build.0 = Release|x64
		{5BE0B958-C13B-4986-A588-97A8F707E42E}.Release|x86.ActiveCfg = Release|Win32
		{5BE0B958-C13B-4986-A588-97A8F707E42E}.Release|x86.Build.0 = Release|Win32
		{8F529049-889A-4FC6-9F4C-FAAFC42C9519}.Debug Static CStatic|Any CPU.ActiveCfg = Release|x64
		{8F529049-889A-4FC6-9F4C-FAAFC42C9519}.Debug Static CStatic|Any CPU.Build.0 = Release|x64
		{8F529049-889A-4FC6-9F4C-FAAFC42C9519}.Debug Static CStatic|Mixed Platforms.ActiveCfg = Debug|Win32
		{8F529049-889A-4FC6-9F4C-FAAFC42C9519}.Debug Static CStatic|Mixed Platforms.Build.0 = Debug|Win32
		{8F529049-889A-4FC6-9F4C-FAAFC42C9519}.Debug Static CStatic|Win32.ActiveCfg = Debug|Win32
		{8F529049-889A-4FC6-9F4C-FAAFC42C9519}.Debug Static CStatic|Win32.Build.0 = Debug|Win32
		{8F529049-889A-4FC6-9F4C-FAAFC42C9519}.Debug Static CStatic|x64.ActiveCfg = Debug|x64
		{8F529049-889A-4FC6-9F4C-FAAFC42C9519}.Debug Static CStatic|x64.Build.0 = Debug|x64
		{8F529049-889A-4FC6-9F4C-FAAFC42C9519}.Debug Static CStatic|x86.ActiveCfg = Debug|Win32
		{8F529049-889A-4FC6-9F4C-FAAFC42C9519}.Debug Static CStatic|x86.Build.0 = Debug|Win32
		{8F529049-889A-4FC6-9F4C-FAAFC42C9519}.Debug Static|Any CPU.ActiveCfg = Release|x64
		{8F529049-889A-4FC6-9F4C-FAAFC42C9519}.Debug Static|Any CPU.Build.0 = Release|x64
		{8F529049-889A-4FC6-9F4C-FAAFC42C9519}.Debug Static|Mixed Platforms.ActiveCfg = Debug|Win32
		{8F529049-889A-4FC6-9F4C-FAAFC42C9519}.Debug Static|Mixed Platforms.Build.0 = Debug|Win32
		{8F529049-889A-4FC6-9F4C-FAAFC42C9519}.Debug Static|Win32.ActiveCfg = Debug|Win32
		{8F529049-889A-4FC6-9F4C-FAAFC42C9519}.Debug Static|Win32.Build.0 = Debug|Win32
		{8F529049-889A-4FC6-9F4C-FAAFC42C9519}.Debug Static|x64.ActiveCfg = Debug|x64
		{8F529049-889A-4FC6-9F4C-FAAFC42C9519}.Debug Static|x64.Build.0 = Debug|x64
		{8F529049-889A-4FC6-9F4C-FAAFC42C9519}.Debug Static|x86.ActiveCfg = Debug|Win32
		{8F529049-889A-4FC6-9F4C-FAAFC42C9519}.Debug Static|x86.Build.0 = Debug|Win32
		{8F529049-889A-4FC6-9F4C-FAAFC42C9519}.Debug|Any CPU.ActiveCfg = Debug|Win32
		{8F529049-889A-4FC6-9F4C-FAAFC42C9519}.Debug|Mixed Platforms.ActiveCfg = Debug|Win32
		{8F529049-889A-4FC6-9F4C-FAAFC42C9519}.Debug|Mixed Platforms.Build.0 = Debug|Win32
		{8F529049-889A-4FC6-9F4C-FAAFC42C9519}.Debug|Win32.ActiveCfg = Debug|Win32
		{8F529049-889A-4FC6-9F4C-FAAFC42C9519}.Debug|Win32.Build.0 = Debug|Win32
		{8F529049-889A-4FC6-9F4C-FAAFC42C9519}.Debug|x64.ActiveCfg = Debug|x64
		{8F529049-889A-4FC6-9F4C-FAAFC42C9519}.Debug|x64.Build.0 = Debug|x64
		{8F529049-889A-4FC6-9F4C-FAAFC42C9519}.Debug|x86.ActiveCfg = Debug|Win32
		{8F529049-889A-4FC6-9F4C-FAAFC42C9519}.Debug|x86.Build.0 = Debug|Win32
		{8F529049-889A-4FC6-9F4C-FAAFC42C9519}.Release Static CStatic|Any CPU.ActiveCfg = Release|x64
		{8F529049-889A-4FC6-9F4C-FAAFC42C9519}.Release Static CStatic|Any CPU.Build.0 = Release|x64
		{8F529049-889A-4FC6-9F4C-FAAFC42C9519}.Release Static CStatic|Mixed Platforms.ActiveCfg = Release|Win32
		{8F529049-889A-4FC6-9F4C-FAAFC42C9519}.Release Static CStatic|Mixed Platforms.Build.0 = Release|Win32
		{8F529049-889A-4FC6-9F4C-FAAFC42C9519}.Release Static CStatic|Win32.ActiveCfg = Release|Win32
		{8F529049-889A-4FC6-9F4C-FAAFC42C9519}.Release Static CStatic|Win32.Build.0 = Release|Win32
		{8F529049-889A-4FC6-9F4C-FAAFC42C9519}.Release Static CStatic|x64.ActiveCfg = Release|x64
		{8F529049-889A-4FC6-9F4C-FAAFC42C9519}.Release Static CStatic|x64.Build.0 = Release|x64
		{8F529049-889A-4FC6-9F4C-FAAFC42C9519}.Release Static CStatic|x86.ActiveCfg = Release|Win32
		{8F529049-889A-4FC6-9F4C-FAAFC42C9519}.Release Static CStatic|x86.Build.0 = Release|Win32
		{8F529049-889A-4FC6-9F4C-FAAFC42C9519}.Release Static|Any CPU.ActiveCfg = Release|x64
		{8F529049-889A-4FC6-9F4C-FAAFC42C9519}.Release Static|Any CPU.Build.0 = Release|x64
		{8F529049-889A-4FC6-9F4C-FAAFC42C9519}.Release Static|Mixed Platforms.ActiveCfg = Release|Win32
		{8F529049-889A-4FC6-9F4C-FAAFC42C9519}.Release Static|Mixed Platforms.Build.0 = Release|Win32
		{8F529049-889A-4FC6-9F4C-FAAFC42C9519}.Release Static|Win32.ActiveCfg = Release|Win32
		{8F529049-889A-4FC6-9F4C-FAAFC42C9519}.Release Static|Win32.Build.0 = Release|Win32
		{8F529049-889A-4FC6-9F4C-FAAFC42C9519}.Release Static|x64.ActiveCfg = Release|x64
		{8F529049-889A-4FC6-9F4C-FAAFC42C9519}.Release Static|x64.Build.0 = Release|x64
		{8F529049-889A-4FC6-9F4C-FAAFC42C9519}.Release Static|x86.ActiveCfg = Release|Win32
		{8F529049-889A-4FC6-9F4C-FAAFC42C9519}.Release Static|x86.Build.0 = Release|Win32
		{8F529049-889A-4FC6-9F4C-FAAFC42C9519}.Release|Any CPU.ActiveCfg = Release|Win32
		{8F529049-889A-4FC6-9F4C-FAAFC42C9519}.Release|Mixed Platforms.ActiveCfg = Release|Win32
		{8F529049-889A-4FC6-9F4C-FAAFC42C9519}.Release|Mixed Platforms.Build.0 = Release|Win32
		{8F529049-889A-4FC6-9F4C-FAAFC42C9519}.Release|Win32.ActiveCfg = Release|Win32
		{8F529049-889A-4FC6-9F4C-FAAFC42C9519}.Release|Win32.Build.0 = Release|Win32
		{8F529049-889A-4FC6-9F4C-FAAFC42C9519}.Release|x64.ActiveCfg = Release|x64
		{8F529049-889A-4FC6-9F4C-FAAFC42C9519}.Release|x64.Build.0 = Release|x64
		{8F529049-889A-4FC6-9F4C-FAAFC42C9519}.Release|x86.ActiveCfg = Release|Win32
		{8F529049-889A-4FC6-9F4C-FAAFC42C9519}.Release|x86.Build.0 = Release|Win32
		{99F126A1-8D35-48DE-BE7F-A9B6D3F6FA9F}.Debug Static CStatic|Any CPU.ActiveCfg = Release|x64
		{99F126A1-8D35-48DE-BE7F-A9B6D3F6FA9F}.Debug Static CStatic|Any CPU.Build.0 = Release|x64
		{99F126A1-8D35-48DE-BE7F-A9B6D3F6FA9F}.Debug Static CStatic|Mixed Platforms.ActiveCfg = Debug|Win32
		{99F126A1-8D35-48DE-BE7F-A9B6D3F6FA9F}.Debug Static CStatic|Mixed Platforms.Build.0 = Debug|Win32
		{99F126A1-8D35-48DE-BE7F-A9B6D3F6FA9F}.Debug Static CStatic|Win32.ActiveCfg = Debug|Win32
		{99F126A1-8D35-48DE-BE7F-A9B6D3F6FA9F}.Debug Static CStatic|Win32.Build.0 = Debug|Win32
		{99F126A1-8D35-48DE-BE7F-A9B6D3F6FA9F}.Debug Static CStatic|x64.ActiveCfg = Debug|x64
		{99F126A1-8D35-48DE-BE7F-A9B6D3F6FA9F}.Debug Static CStatic|x64.Build.0 = Debug|x64
		{99F126A1-8D35-48DE-BE7F-A9B6D3F6FA9F}.Debug Static CStatic|x86.ActiveCfg = Debug|Win32
		{99F126A1-8D35-48DE-BE7F-A9B6D3F6FA9F}.Debug Static CStatic|x86.Build.0 = Debug|Win32
		{99F126A1-8D35-48DE-BE7F-A9B6D3F6FA9F}.Debug Static|Any CPU.ActiveCfg = Release|x64
		{99F126A1-8D35-48DE-BE7F-A9B6D3F6FA9F}.Debug Static|Any CPU.Build.0 = Release|x64
		{99F126A1-8D35-48DE-BE7F-A9B6D3F6FA9F}.Debug Static|Mixed Platforms.ActiveCfg = Debug|Win32
		{99F126A1-8D35-48DE-BE7F-A9B6D3F6FA9F}.Debug Static|Mixed Platforms.Build.0 = Debug|Win32
		{99F126A1-8D35-48DE-BE7F-A9B6D3F6FA9F}.Debug Static|Win32.ActiveCfg = Debug|Win32
		{99F126A1-8D35-48DE-BE7F-A9B6D3F6FA9F}.Debug Static|Win32.Build.0 = Debug|Win32
		{99F126A1-8D35-48DE-BE7F-A9B6D3F6FA9F}.Debug Static|x64.ActiveCfg = Debug|x64
		{99F126A1-8D35-48DE-BE7F-A9B6D3F6FA9F}.Debug Static|x64.Build.0 = Debug|x64
		{99F126A1-8D35-48DE-BE7F-A9B6D3F6FA9F}.Debug Static|x86.ActiveCfg = Debug|Win32
		{99F126A1-8D35-48DE-BE7F-A9B6D3F6FA9F}.Debug Static|x86.Build.0 = Debug|Win32
		{99F126A1-8D35-48DE-BE7F-A9B6D3F6FA9F}.Debug|Any CPU.ActiveCfg = Debug|Win32
		{99F126A1-8D35-48DE-BE7F-A9B6D3F6FA9F}.Debug|Mixed Platforms.ActiveCfg = Debug|Win32
		{99F126A1-8D35-48DE-BE7F-A9B6D3F6FA9F}.Debug|Mixed Platforms.Build.0 = Debug|Win32
		{99F126A1-8D35-48DE-BE7F-A9B6D3F6FA9F}.Debug|Win32.ActiveCfg = Debug|Win32
		{99F126A1-8D35-48DE-BE7F-A9B6D3F6FA9F}.Debug|Win32.Build.0 = Debug|Win32
		{99F126A1-8D35-48DE-BE7F-A9B6D3F6FA9F}.Debug|x64.ActiveCfg = Debug|x64
		{99F126A1-8D35-48DE-BE7F-A9B6D3F6FA9F}.Debug|x64.Build.0 = Debug|x64
		{99F126A1-8D35-48DE-BE7F-A9B6D3F6FA9F}.Debug|x86.ActiveCfg = Debug|Win32
		{99F126A1-8D35-48DE-BE7F-A9B6D3F6FA9F}.Debug|x86.Build.0 = Debug|Win32
		{99F126A1-8D35-48DE-BE7F-A9B6D3F6FA9F}.Release Static CStatic|Any CPU.ActiveCfg = Release|x64
		{99F126A1-8D35-48DE-BE7F-A9B6D3F6FA9F}.Release Static CStatic|Any CPU.Build.0 = Release|x64
		{99F126A1-8D35-48DE-BE7F-A9B6D3F6FA9F}.Release Static CStatic|Mixed Platforms.ActiveCfg = Release|Win32
		{99F126A1-8D35-48DE-BE7F-A9B6D3F6FA9F}.Release Static CStatic|Mixed Platforms.Build.0 = Release|Win32
		{99F126A1-8D35-48DE-BE7F-A9B6D3F6FA9F}.Release Static CStatic|Win32.ActiveCfg = Release|Win32
		{99F126A1-8D35-48DE-BE7F-A9B6D3F6FA9F}.Release Static CStatic|Win32.Build.0 = Release|Win32
		{99F126A1-8D35-48DE-BE7F-A9B6D3F6FA9F}.Release Static CStatic|x64.ActiveCfg = Release|x64
		{99F126A1-8D35-48DE-BE7F-A9B6D3F6FA9F}.Release Static CStatic|x64.Build.0 = Release|x64
		{99F126A1-8D35-48DE-BE7F-A9B6D3F6FA9F}.Release Static CStatic|x86.ActiveCfg = Release|Win32
		{99F126A1-8D35-48DE-BE7F-A9B6D3F6FA9F}.Release Static CStatic|x86.Build.0 = Release|Win32
		{99F126A1-8D35-48DE-BE7F-A9B6D3F6FA9F}.Release Static|Any CPU.ActiveCfg = Release|x64
		{99F126A1-8D35-48DE-BE7F-A9B6D3F6FA9F}.Release Static|Any CPU.Build.0 = Release|x64
		{99F126A1-8D35-48DE-BE7F-A9B6D3F6FA9F}.Release Static|Mixed Platforms.ActiveCfg = Release|Win32
		{99F126A1-8D35-48DE-BE7F-A9B6D3F6FA9F}.Release Static|Mixed Platforms.Build.0 = Release|Win32
		{99F126A1-8D35-48DE-BE7F-A9B6D3F6FA9F}.Release Static|Win32.ActiveCfg = Release|Win32
		{99F126A1-8D35-48DE-BE7F-A9B6D3F6FA9F}.Release Static|Win32.Build.0 = Release|Win32
		{99F126A1-8D35-48DE-BE7F-A9B6D3F6FA9F}.Release Static|x64.ActiveCfg = Release|x64
		{99F126A1-8D35-48DE-BE7F-A9B6D3F6FA9F}.Release Static|x64.Build.0 = Release|x64
		{99F126A1-8D35-48DE-BE7F-A9B6D3F6FA9F}.Release Static|x86.ActiveCfg = Release|Win32
		{99F126A1-8D35-48DE-BE7F-A9B6D3F6FA9F}.Release Static|x86.Build.0 = Release|Win32
		{99F126A1-8D35-48DE-BE7F-A9B6D3F6FA9F}.Release|Any CPU.ActiveCfg = Release|Win32
		{99F126A1-8D35-48DE-BE7F-A9B6D3F6FA9F}.Release|Mixed Platforms.ActiveCfg = Release|Win32
		{99F126A1-8D35-48DE-BE7F-A9B6D3F6FA9F}.Release|Mixed Platforms.Build.0 = Release|Win32
		{99F126A1-8D35-48DE-BE7F-A9B6D3F6FA9F}.Release|Win32.ActiveCfg = Release|Win32
		{99F126A1-8D35-48DE-BE7F-A9B6D3F6FA9F}.Release|Win32.Build.0 = Release|Win32
		{99F126A1-8D35-48DE-BE7F-A9B6D3F6FA9F}.Release|x64.ActiveCfg = Release|x64
		{99F126A1-8D35-48DE-BE7F-A9B6D3F6FA9F}.Release|x64.Build.0 = Release|x64
		{99F126A1-8D35-48DE-BE7F-A9B6D3F6FA9F}.Release|x86.ActiveCfg = Release|Win32
		{99F126A1-8D35-48DE-BE7F-A9B6D3F6FA9F}.Release|x86.Build.0 = Release|Win32
	EndGlobalSection
	GlobalSection(SolutionProperties) = preSolution
		HideSolutionNode = FALSE
	EndGlobalSection
	GlobalSection(ExtensibilityGlobals) = postSolution
		VD_Solution = <?xml version="1.0" encoding="utf-16"?>|§r|§n<DocumentsSolution xmlns:xsi="http://www.w3.org/2001/XMLSchema-instance" xmlns:xsd="http://www.w3.org/2001/XMLSchema">|§r|§n  <m_persistedPinnedDocumentGroupLabels>|§r|§n    <string>X86</string>|§r|§n  </m_persistedPinnedDocumentGroupLabels>|§r|§n</DocumentsSolution>
		SolutionGuid = {460361DC-9F40-4AE7-B647-82D5D69B70DC}
	EndGlobalSection
EndGlobal
