
Microsoft Visual Studio Solution File, Format Version 12.00
# Visual Studio 15
VisualStudioVersion = 15.0.28307.645
MinimumVisualStudioVersion = 10.0.40219.1
Project("{8BC9CEB8-8B4A-11D0-8D11-00A0C91BC942}") = "CLib", "CLib.vcxproj", "{D72A956A-5D9C-42F4-B35B-05F0B05B632C}"
EndProject
Global
	GlobalSection(SolutionConfigurationPlatforms) = preSolution
		Debug|x64 = Debug|x64
		Debug|x86 = Debug|x86
		Release|x64 = Release|x64
		Release|x86 = Release|x86
	EndGlobalSection
	GlobalSection(ProjectConfigurationPlatforms) = postSolution
		{D72A956A-5D9C-42F4-B35B-05F0B05B632C}.Debug|x64.ActiveCfg = Debug|x64
		{D72A956A-5D9C-42F4-B35B-05F0B05B632C}.Debug|x64.Build.0 = Debug|x64
		{D72A956A-5D9C-42F4-B35B-05F0B05B632C}.Debug|x86.ActiveCfg = Debug|Win32
		{D72A956A-5D9C-42F4-B35B-05F0B05B632C}.Debug|x86.Build.0 = Debug|Win32
		{D72A956A-5D9C-42F4-B35B-05F0B05B632C}.Release|x64.ActiveCfg = Release|x64
		{D72A956A-5D9C-42F4-B35B-05F0B05B632C}.Release|x64.Build.0 = Release|x64
		{D72A956A-5D9C-42F4-B35B-05F0B05B632C}.Release|x86.ActiveCfg = Release|Win32
		{D72A956A-5D9C-42F4-B35B-05F0B05B632C}.Release|x86.Build.0 = Release|Win32
	EndGlobalSection
	GlobalSection(SolutionProperties) = preSolution
		HideSolutionNode = FALSE
	EndGlobalSection
	GlobalSection(ExtensibilityGlobals) = postSolution
		SolutionGuid = {B4D3315D-D9A9-4A82-BEC4-B05271FC794E}
	EndGlobalSection
EndGlobal
